
Microsoft Visual Studio Solution File, Format Version 12.00
# Visual Studio 15
VisualStudioVersion = 15.0.27703.2026
MinimumVisualStudioVersion = 10.0.40219.1
Project("{FAE04EC0-301F-11D3-BF4B-00C04F79EFBC}") = "MarsLanderE3GA", "MarsLanderE3GA\MarsLanderE3GA.csproj", "{3E6B542C-AE8F-494F-8F3D-0C8A32DA5BB7}"
EndProject
Global
	GlobalSection(SolutionConfigurationPlatforms) = preSolution
		Debug|Any CPU = Debug|Any CPU
		Release|Any CPU = Release|Any CPU
	EndGlobalSection
	GlobalSection(ProjectConfigurationPlatforms) = postSolution
		{3E6B542C-AE8F-494F-8F3D-0C8A32DA5BB7}.Debug|Any CPU.ActiveCfg = Debug|Any CPU
		{3E6B542C-AE8F-494F-8F3D-0C8A32DA5BB7}.Debug|Any CPU.Build.0 = Debug|Any CPU
		{3E6B542C-AE8F-494F-8F3D-0C8A32DA5BB7}.Release|Any CPU.ActiveCfg = Release|Any CPU
		{3E6B542C-AE8F-494F-8F3D-0C8A32DA5BB7}.Release|Any CPU.Build.0 = Release|Any CPU
	EndGlobalSection
	GlobalSection(SolutionProperties) = preSolution
		HideSolutionNode = FALSE
	EndGlobalSection
	GlobalSection(ExtensibilityGlobals) = postSolution
		SolutionGuid = {9E217FE8-0873-48EA-A4C4-68A95CF9ACDE}
	EndGlobalSection
EndGlobal
